// !$*UTF8*$!
{
	archiveVersion = 1;
	classes = {
	};
	objectVersion = 56;
	objects = {

/* Begin PBXBuildFile section */
		30A134BF2B2863B40049208A /* AppDelegate.swift in Sources */ = {isa = PBXBuildFile; fileRef = 30A134BE2B2863B40049208A /* AppDelegate.swift */; };
		30A134C12B2863B40049208A /* SceneDelegate.swift in Sources */ = {isa = PBXBuildFile; fileRef = 30A134C02B2863B40049208A /* SceneDelegate.swift */; };
		30A134C32B2863B40049208A /* ViewController.swift in Sources */ = {isa = PBXBuildFile; fileRef = 30A134C22B2863B40049208A /* ViewController.swift */; };
		30A134C62B2863B40049208A /* Main.storyboard in Resources */ = {isa = PBXBuildFile; fileRef = 30A134C42B2863B40049208A /* Main.storyboard */; };
		30A134C82B2863B50049208A /* Assets.xcassets in Resources */ = {isa = PBXBuildFile; fileRef = 30A134C72B2863B50049208A /* Assets.xcassets */; };
		30A134CB2B2863B50049208A /* LaunchScreen.storyboard in Resources */ = {isa = PBXBuildFile; fileRef = 30A134C92B2863B50049208A /* LaunchScreen.storyboard */; };
		30A134D42B2863D50049208A /* Stripe in Frameworks */ = {isa = PBXBuildFile; productRef = 30A134D32B2863D50049208A /* Stripe */; };
		30A134D62B2863D50049208A /* StripeApplePay in Frameworks */ = {isa = PBXBuildFile; productRef = 30A134D52B2863D50049208A /* StripeApplePay */; };
		30A134D82B2863D50049208A /* StripeCardScan in Frameworks */ = {isa = PBXBuildFile; productRef = 30A134D72B2863D50049208A /* StripeCardScan */; };
		30A134DA2B2863D50049208A /* StripeFinancialConnections in Frameworks */ = {isa = PBXBuildFile; productRef = 30A134D92B2863D50049208A /* StripeFinancialConnections */; };
		30A134DC2B2863D50049208A /* StripeIdentity in Frameworks */ = {isa = PBXBuildFile; productRef = 30A134DB2B2863D50049208A /* StripeIdentity */; };
		30A134DE2B2863D50049208A /* StripePaymentSheet in Frameworks */ = {isa = PBXBuildFile; productRef = 30A134DD2B2863D50049208A /* StripePaymentSheet */; };
		30A134E02B2863D50049208A /* StripePayments in Frameworks */ = {isa = PBXBuildFile; productRef = 30A134DF2B2863D50049208A /* StripePayments */; };
		30A134E22B2863D50049208A /* StripePaymentsUI in Frameworks */ = {isa = PBXBuildFile; productRef = 30A134E12B2863D50049208A /* StripePaymentsUI */; };
/* End PBXBuildFile section */

/* Begin PBXFileReference section */
		30A134BB2B2863B40049208A /* StripeExampleIOS.app */ = {isa = PBXFileReference; explicitFileType = wrapper.application; includeInIndex = 0; path = StripeExampleIOS.app; sourceTree = BUILT_PRODUCTS_DIR; };
		30A134BE2B2863B40049208A /* AppDelegate.swift */ = {isa = PBXFileReference; lastKnownFileType = sourcecode.swift; path = AppDelegate.swift; sourceTree = "<group>"; };
		30A134C02B2863B40049208A /* SceneDelegate.swift */ = {isa = PBXFileReference; lastKnownFileType = sourcecode.swift; path = SceneDelegate.swift; sourceTree = "<group>"; };
		30A134C22B2863B40049208A /* ViewController.swift */ = {isa = PBXFileReference; lastKnownFileType = sourcecode.swift; path = ViewController.swift; sourceTree = "<group>"; };
		30A134C52B2863B40049208A /* Base */ = {isa = PBXFileReference; lastKnownFileType = file.storyboard; name = Base; path = Base.lproj/Main.storyboard; sourceTree = "<group>"; };
		30A134C72B2863B50049208A /* Assets.xcassets */ = {isa = PBXFileReference; lastKnownFileType = folder.assetcatalog; path = Assets.xcassets; sourceTree = "<group>"; };
		30A134CA2B2863B50049208A /* Base */ = {isa = PBXFileReference; lastKnownFileType = file.storyboard; name = Base; path = Base.lproj/LaunchScreen.storyboard; sourceTree = "<group>"; };
		30A134CC2B2863B50049208A /* Info.plist */ = {isa = PBXFileReference; lastKnownFileType = text.plist.xml; path = Info.plist; sourceTree = "<group>"; };
/* End PBXFileReference section */

/* Begin PBXFrameworksBuildPhase section */
		30A134B82B2863B40049208A /* Frameworks */ = {
			isa = PBXFrameworksBuildPhase;
			buildActionMask = 2147483647;
			files = (
				30A134D82B2863D50049208A /* StripeCardScan in Frameworks */,
				30A134DA2B2863D50049208A /* StripeFinancialConnections in Frameworks */,
				30A134DC2B2863D50049208A /* StripeIdentity in Frameworks */,
				30A134D42B2863D50049208A /* Stripe in Frameworks */,
				30A134DE2B2863D50049208A /* StripePaymentSheet in Frameworks */,
				30A134E02B2863D50049208A /* StripePayments in Frameworks */,
				30A134E22B2863D50049208A /* StripePaymentsUI in Frameworks */,
				30A134D62B2863D50049208A /* StripeApplePay in Frameworks */,
			);
			runOnlyForDeploymentPostprocessing = 0;
		};
/* End PBXFrameworksBuildPhase section */

/* Begin PBXGroup section */
		30A134B22B2863B40049208A = {
			isa = PBXGroup;
			children = (
				30A134BD2B2863B40049208A /* StripeExampleIOS */,
				30A134BC2B2863B40049208A /* Products */,
			);
			sourceTree = "<group>";
		};
		30A134BC2B2863B40049208A /* Products */ = {
			isa = PBXGroup;
			children = (
				30A134BB2B2863B40049208A /* StripeExampleIOS.app */,
			);
			name = Products;
			sourceTree = "<group>";
		};
		30A134BD2B2863B40049208A /* StripeExampleIOS */ = {
			isa = PBXGroup;
			children = (
				30A134BE2B2863B40049208A /* AppDelegate.swift */,
				30A134C02B2863B40049208A /* SceneDelegate.swift */,
				30A134C22B2863B40049208A /* ViewController.swift */,
				30A134C42B2863B40049208A /* Main.storyboard */,
				30A134C72B2863B50049208A /* Assets.xcassets */,
				30A134C92B2863B50049208A /* LaunchScreen.storyboard */,
				30A134CC2B2863B50049208A /* Info.plist */,
			);
			path = StripeExampleIOS;
			sourceTree = "<group>";
		};
/* End PBXGroup section */

/* Begin PBXNativeTarget section */
		30A134BA2B2863B40049208A /* StripeExampleIOS */ = {
			isa = PBXNativeTarget;
			buildConfigurationList = 30A134CF2B2863B50049208A /* Build configuration list for PBXNativeTarget "StripeExampleIOS" */;
			buildPhases = (
				30A134B72B2863B40049208A /* Sources */,
				30A134B82B2863B40049208A /* Frameworks */,
				30A134B92B2863B40049208A /* Resources */,
			);
			buildRules = (
			);
			dependencies = (
			);
			name = StripeExampleIOS;
			packageProductDependencies = (
				30A134D32B2863D50049208A /* Stripe */,
				30A134D52B2863D50049208A /* StripeApplePay */,
				30A134D72B2863D50049208A /* StripeCardScan */,
				30A134D92B2863D50049208A /* StripeFinancialConnections */,
				30A134DB2B2863D50049208A /* StripeIdentity */,
				30A134DD2B2863D50049208A /* StripePaymentSheet */,
				30A134DF2B2863D50049208A /* StripePayments */,
				30A134E12B2863D50049208A /* StripePaymentsUI */,
			);
			productName = StripeExampleIOS;
			productReference = 30A134BB2B2863B40049208A /* StripeExampleIOS.app */;
			productType = "com.apple.product-type.application";
		};
/* End PBXNativeTarget section */

/* Begin PBXProject section */
		30A134B32B2863B40049208A /* Project object */ = {
			isa = PBXProject;
			attributes = {
				BuildIndependentTargetsInParallel = 1;
				LastSwiftUpdateCheck = 1500;
				LastUpgradeCheck = 1500;
				TargetAttributes = {
					30A134BA2B2863B40049208A = {
						CreatedOnToolsVersion = 15.0.1;
					};
				};
			};
			buildConfigurationList = 30A134B62B2863B40049208A /* Build configuration list for PBXProject "StripeExampleIOS" */;
			compatibilityVersion = "Xcode 14.0";
			developmentRegion = en;
			hasScannedForEncodings = 0;
			knownRegions = (
				en,
				Base,
			);
			mainGroup = 30A134B22B2863B40049208A;
			packageReferences = (
				30A134D22B2863D50049208A /* XCRemoteSwiftPackageReference "stripe-ios-spm" */,
			);
			productRefGroup = 30A134BC2B2863B40049208A /* Products */;
			projectDirPath = "";
			projectRoot = "";
			targets = (
				30A134BA2B2863B40049208A /* StripeExampleIOS */,
			);
		};
/* End PBXProject section */

/* Begin PBXResourcesBuildPhase section */
		30A134B92B2863B40049208A /* Resources */ = {
			isa = PBXResourcesBuildPhase;
			buildActionMask = 2147483647;
			files = (
				30A134CB2B2863B50049208A /* LaunchScreen.storyboard in Resources */,
				30A134C82B2863B50049208A /* Assets.xcassets in Resources */,
				30A134C62B2863B40049208A /* Main.storyboard in Resources */,
			);
			runOnlyForDeploymentPostprocessing = 0;
		};
/* End PBXResourcesBuildPhase section */

/* Begin PBXSourcesBuildPhase section */
		30A134B72B2863B40049208A /* Sources */ = {
			isa = PBXSourcesBuildPhase;
			buildActionMask = 2147483647;
			files = (
				30A134C32B2863B40049208A /* ViewController.swift in Sources */,
				30A134BF2B2863B40049208A /* AppDelegate.swift in Sources */,
				30A134C12B2863B40049208A /* SceneDelegate.swift in Sources */,
			);
			runOnlyForDeploymentPostprocessing = 0;
		};
/* End PBXSourcesBuildPhase section */

/* Begin PBXVariantGroup section */
		30A134C42B2863B40049208A /* Main.storyboard */ = {
			isa = PBXVariantGroup;
			children = (
				30A134C52B2863B40049208A /* Base */,
			);
			name = Main.storyboard;
			sourceTree = "<group>";
		};
		30A134C92B2863B50049208A /* LaunchScreen.storyboard */ = {
			isa = PBXVariantGroup;
			children = (
				30A134CA2B2863B50049208A /* Base */,
			);
			name = LaunchScreen.storyboard;
			sourceTree = "<group>";
		};
/* End PBXVariantGroup section */

/* Begin XCBuildConfiguration section */
		30A134CD2B2863B50049208A /* Debug */ = {
			isa = XCBuildConfiguration;
			buildSettings = {
				ALWAYS_SEARCH_USER_PATHS = NO;
				ASSETCATALOG_COMPILER_GENERATE_SWIFT_ASSET_SYMBOL_EXTENSIONS = YES;
				CLANG_ANALYZER_NONNULL = YES;
				CLANG_ANALYZER_NUMBER_OBJECT_CONVERSION = YES_AGGRESSIVE;
				CLANG_CXX_LANGUAGE_STANDARD = "gnu++20";
				CLANG_ENABLE_MODULES = YES;
				CLANG_ENABLE_OBJC_ARC = YES;
				CLANG_ENABLE_OBJC_WEAK = YES;
				CLANG_WARN_BLOCK_CAPTURE_AUTORELEASING = YES;
				CLANG_WARN_BOOL_CONVERSION = YES;
				CLANG_WARN_COMMA = YES;
				CLANG_WARN_CONSTANT_CONVERSION = YES;
				CLANG_WARN_DEPRECATED_OBJC_IMPLEMENTATIONS = YES;
				CLANG_WARN_DIRECT_OBJC_ISA_USAGE = YES_ERROR;
				CLANG_WARN_DOCUMENTATION_COMMENTS = YES;
				CLANG_WARN_EMPTY_BODY = YES;
				CLANG_WARN_ENUM_CONVERSION = YES;
				CLANG_WARN_INFINITE_RECURSION = YES;
				CLANG_WARN_INT_CONVERSION = YES;
				CLANG_WARN_NON_LITERAL_NULL_CONVERSION = YES;
				CLANG_WARN_OBJC_IMPLICIT_RETAIN_SELF = YES;
				CLANG_WARN_OBJC_LITERAL_CONVERSION = YES;
				CLANG_WARN_OBJC_ROOT_CLASS = YES_ERROR;
				CLANG_WARN_QUOTED_INCLUDE_IN_FRAMEWORK_HEADER = YES;
				CLANG_WARN_RANGE_LOOP_ANALYSIS = YES;
				CLANG_WARN_STRICT_PROTOTYPES = YES;
				CLANG_WARN_SUSPICIOUS_MOVE = YES;
				CLANG_WARN_UNGUARDED_AVAILABILITY = YES_AGGRESSIVE;
				CLANG_WARN_UNREACHABLE_CODE = YES;
				CLANG_WARN__DUPLICATE_METHOD_MATCH = YES;
				COPY_PHASE_STRIP = NO;
				DEBUG_INFORMATION_FORMAT = dwarf;
				ENABLE_STRICT_OBJC_MSGSEND = YES;
				ENABLE_TESTABILITY = YES;
				ENABLE_USER_SCRIPT_SANDBOXING = YES;
				GCC_C_LANGUAGE_STANDARD = gnu17;
				GCC_DYNAMIC_NO_PIC = NO;
				GCC_NO_COMMON_BLOCKS = YES;
				GCC_OPTIMIZATION_LEVEL = 0;
				GCC_PREPROCESSOR_DEFINITIONS = (
					"DEBUG=1",
					"$(inherited)",
				);
				GCC_WARN_64_TO_32_BIT_CONVERSION = YES;
				GCC_WARN_ABOUT_RETURN_TYPE = YES_ERROR;
				GCC_WARN_UNDECLARED_SELECTOR = YES;
				GCC_WARN_UNINITIALIZED_AUTOS = YES_AGGRESSIVE;
				GCC_WARN_UNUSED_FUNCTION = YES;
				GCC_WARN_UNUSED_VARIABLE = YES;
				IPHONEOS_DEPLOYMENT_TARGET = 16.0;
				LOCALIZATION_PREFERS_STRING_CATALOGS = YES;
				MTL_ENABLE_DEBUG_INFO = INCLUDE_SOURCE;
				MTL_FAST_MATH = YES;
				ONLY_ACTIVE_ARCH = YES;
				SDKROOT = iphoneos;
				SWIFT_ACTIVE_COMPILATION_CONDITIONS = "DEBUG $(inherited)";
				SWIFT_OPTIMIZATION_LEVEL = "-Onone";
			};
			name = Debug;
		};
		30A134CE2B2863B50049208A /* Release */ = {
			isa = XCBuildConfiguration;
			buildSettings = {
				ALWAYS_SEARCH_USER_PATHS = NO;
				ASSETCATALOG_COMPILER_GENERATE_SWIFT_ASSET_SYMBOL_EXTENSIONS = YES;
				CLANG_ANALYZER_NONNULL = YES;
				CLANG_ANALYZER_NUMBER_OBJECT_CONVERSION = YES_AGGRESSIVE;
				CLANG_CXX_LANGUAGE_STANDARD = "gnu++20";
				CLANG_ENABLE_MODULES = YES;
				CLANG_ENABLE_OBJC_ARC = YES;
				CLANG_ENABLE_OBJC_WEAK = YES;
				CLANG_WARN_BLOCK_CAPTURE_AUTORELEASING = YES;
				CLANG_WARN_BOOL_CONVERSION = YES;
				CLANG_WARN_COMMA = YES;
				CLANG_WARN_CONSTANT_CONVERSION = YES;
				CLANG_WARN_DEPRECATED_OBJC_IMPLEMENTATIONS = YES;
				CLANG_WARN_DIRECT_OBJC_ISA_USAGE = YES_ERROR;
				CLANG_WARN_DOCUMENTATION_COMMENTS = YES;
				CLANG_WARN_EMPTY_BODY = YES;
				CLANG_WARN_ENUM_CONVERSION = YES;
				CLANG_WARN_INFINITE_RECURSION = YES;
				CLANG_WARN_INT_CONVERSION = YES;
				CLANG_WARN_NON_LITERAL_NULL_CONVERSION = YES;
				CLANG_WARN_OBJC_IMPLICIT_RETAIN_SELF = YES;
				CLANG_WARN_OBJC_LITERAL_CONVERSION = YES;
				CLANG_WARN_OBJC_ROOT_CLASS = YES_ERROR;
				CLANG_WARN_QUOTED_INCLUDE_IN_FRAMEWORK_HEADER = YES;
				CLANG_WARN_RANGE_LOOP_ANALYSIS = YES;
				CLANG_WARN_STRICT_PROTOTYPES = YES;
				CLANG_WARN_SUSPICIOUS_MOVE = YES;
				CLANG_WARN_UNGUARDED_AVAILABILITY = YES_AGGRESSIVE;
				CLANG_WARN_UNREACHABLE_CODE = YES;
				CLANG_WARN__DUPLICATE_METHOD_MATCH = YES;
				COPY_PHASE_STRIP = NO;
				DEBUG_INFORMATION_FORMAT = "dwarf-with-dsym";
				ENABLE_NS_ASSERTIONS = NO;
				ENABLE_STRICT_OBJC_MSGSEND = YES;
				ENABLE_USER_SCRIPT_SANDBOXING = YES;
				GCC_C_LANGUAGE_STANDARD = gnu17;
				GCC_NO_COMMON_BLOCKS = YES;
				GCC_WARN_64_TO_32_BIT_CONVERSION = YES;
				GCC_WARN_ABOUT_RETURN_TYPE = YES_ERROR;
				GCC_WARN_UNDECLARED_SELECTOR = YES;
				GCC_WARN_UNINITIALIZED_AUTOS = YES_AGGRESSIVE;
				GCC_WARN_UNUSED_FUNCTION = YES;
				GCC_WARN_UNUSED_VARIABLE = YES;
				IPHONEOS_DEPLOYMENT_TARGET = 16.0;
				LOCALIZATION_PREFERS_STRING_CATALOGS = YES;
				MTL_ENABLE_DEBUG_INFO = NO;
				MTL_FAST_MATH = YES;
				SDKROOT = iphoneos;
				SWIFT_COMPILATION_MODE = wholemodule;
				VALIDATE_PRODUCT = YES;
			};
			name = Release;
		};
		30A134D02B2863B50049208A /* Debug */ = {
			isa = XCBuildConfiguration;
			buildSettings = {
				ASSETCATALOG_COMPILER_APPICON_NAME = AppIcon;
				ASSETCATALOG_COMPILER_GLOBAL_ACCENT_COLOR_NAME = AccentColor;
				CODE_SIGN_STYLE = Automatic;
				CURRENT_PROJECT_VERSION = 1;
				DEVELOPMENT_TEAM = 4YV748Z6YR;
				GENERATE_INFOPLIST_FILE = YES;
				INFOPLIST_FILE = StripeExampleIOS/Info.plist;
				INFOPLIST_KEY_UIApplicationSupportsIndirectInputEvents = YES;
				INFOPLIST_KEY_UILaunchStoryboardName = LaunchScreen;
				INFOPLIST_KEY_UIMainStoryboardFile = Main;
				INFOPLIST_KEY_UISupportedInterfaceOrientations_iPad = "UIInterfaceOrientationPortrait UIInterfaceOrientationPortraitUpsideDown UIInterfaceOrientationLandscapeLeft UIInterfaceOrientationLandscapeRight";
				INFOPLIST_KEY_UISupportedInterfaceOrientations_iPhone = "UIInterfaceOrientationPortrait UIInterfaceOrientationLandscapeLeft UIInterfaceOrientationLandscapeRight";
				IPHONEOS_DEPLOYMENT_TARGET = 16.0;
				LD_RUNPATH_SEARCH_PATHS = (
					"$(inherited)",
					"@executable_path/Frameworks",
				);
				MARKETING_VERSION = 1.0;
				PRODUCT_BUNDLE_IDENTIFIER = com.usyssoft.StripeExampleIOS;
				PRODUCT_NAME = "$(TARGET_NAME)";
				SWIFT_EMIT_LOC_STRINGS = YES;
				SWIFT_VERSION = 5.0;
				TARGETED_DEVICE_FAMILY = "1,2";
			};
			name = Debug;
		};
		30A134D12B2863B50049208A /* Release */ = {
			isa = XCBuildConfiguration;
			buildSettings = {
				ASSETCATALOG_COMPILER_APPICON_NAME = AppIcon;
				ASSETCATALOG_COMPILER_GLOBAL_ACCENT_COLOR_NAME = AccentColor;
				CODE_SIGN_STYLE = Automatic;
				CURRENT_PROJECT_VERSION = 1;
				DEVELOPMENT_TEAM = 4YV748Z6YR;
				GENERATE_INFOPLIST_FILE = YES;
				INFOPLIST_FILE = StripeExampleIOS/Info.plist;
				INFOPLIST_KEY_UIApplicationSupportsIndirectInputEvents = YES;
				INFOPLIST_KEY_UILaunchStoryboardName = LaunchScreen;
				INFOPLIST_KEY_UIMainStoryboardFile = Main;
				INFOPLIST_KEY_UISupportedInterfaceOrientations_iPad = "UIInterfaceOrientationPortrait UIInterfaceOrientationPortraitUpsideDown UIInterfaceOrientationLandscapeLeft UIInterfaceOrientationLandscapeRight";
				INFOPLIST_KEY_UISupportedInterfaceOrientations_iPhone = "UIInterfaceOrientationPortrait UIInterfaceOrientationLandscapeLeft UIInterfaceOrientationLandscapeRight";
				IPHONEOS_DEPLOYMENT_TARGET = 16.0;
				LD_RUNPATH_SEARCH_PATHS = (
					"$(inherited)",
					"@executable_path/Frameworks",
				);
				MARKETING_VERSION = 1.0;
				PRODUCT_BUNDLE_IDENTIFIER = com.usyssoft.StripeExampleIOS;
				PRODUCT_NAME = "$(TARGET_NAME)";
				SWIFT_EMIT_LOC_STRINGS = YES;
				SWIFT_VERSION = 5.0;
				TARGETED_DEVICE_FAMILY = "1,2";
			};
			name = Release;
		};
/* End XCBuildConfiguration section */

/* Begin XCConfigurationList section */
		30A134B62B2863B40049208A /* Build configuration list for PBXProject "StripeExampleIOS" */ = {
			isa = XCConfigurationList;
			buildConfigurations = (
				30A134CD2B2863B50049208A /* Debug */,
				30A134CE2B2863B50049208A /* Release */,
			);
			defaultConfigurationIsVisible = 0;
			defaultConfigurationName = Release;
		};
		30A134CF2B2863B50049208A /* Build configuration list for PBXNativeTarget "StripeExampleIOS" */ = {
			isa = XCConfigurationList;
			buildConfigurations = (
				30A134D02B2863B50049208A /* Debug */,
				30A134D12B2863B50049208A /* Release */,
			);
			defaultConfigurationIsVisible = 0;
			defaultConfigurationName = Release;
		};
/* End XCConfigurationList section */

/* Begin XCRemoteSwiftPackageReference section */
		30A134D22B2863D50049208A /* XCRemoteSwiftPackageReference "stripe-ios-spm" */ = {
			isa = XCRemoteSwiftPackageReference;
			repositoryURL = "https://github.com/stripe/stripe-ios-spm";
			requirement = {
				kind = upToNextMajorVersion;
				minimumVersion = 23.19.0;
			};
		};
/* End XCRemoteSwiftPackageReference section */

/* Begin XCSwiftPackageProductDependency section */
		30A134D32B2863D50049208A /* Stripe */ = {
			isa = XCSwiftPackageProductDependency;
			package = 30A134D22B2863D50049208A /* XCRemoteSwiftPackageReference "stripe-ios-spm" */;
			productName = Stripe;
		};
		30A134D52B2863D50049208A /* StripeApplePay */ = {
			isa = XCSwiftPackageProductDependency;
			package = 30A134D22B2863D50049208A /* XCRemoteSwiftPackageReference "stripe-ios-spm" */;
			productName = StripeApplePay;
		};
		30A134D72B2863D50049208A /* StripeCardScan */ = {
			isa = XCSwiftPackageProductDependency;
			package = 30A134D22B2863D50049208A /* XCRemoteSwiftPackageReference "stripe-ios-spm" */;
			productName = StripeCardScan;
		};
		30A134D92B2863D50049208A /* StripeFinancialConnections */ = {
			isa = XCSwiftPackageProductDependency;
			package = 30A134D22B2863D50049208A /* XCRemoteSwiftPackageReference "stripe-ios-spm" */;
			productName = StripeFinancialConnections;
		};
		30A134DB2B2863D50049208A /* StripeIdentity */ = {
			isa = XCSwiftPackageProductDependency;
			package = 30A134D22B2863D50049208A /* XCRemoteSwiftPackageReference "stripe-ios-spm" */;
			productName = StripeIdentity;
		};
		30A134DD2B2863D50049208A /* StripePaymentSheet */ = {
			isa = XCSwiftPackageProductDependency;
			package = 30A134D22B2863D50049208A /* XCRemoteSwiftPackageReference "stripe-ios-spm" */;
			productName = StripePaymentSheet;
		};
		30A134DF2B2863D50049208A /* StripePayments */ = {
			isa = XCSwiftPackageProductDependency;
			package = 30A134D22B2863D50049208A /* XCRemoteSwiftPackageReference "stripe-ios-spm" */;
			productName = StripePayments;
		};
		30A134E12B2863D50049208A /* StripePaymentsUI */ = {
			isa = XCSwiftPackageProductDependency;
			package = 30A134D22B2863D50049208A /* XCRemoteSwiftPackageReference "stripe-ios-spm" */;
			productName = StripePaymentsUI;
		};
/* End XCSwiftPackageProductDependency section */
	};
	rootObject = 30A134B32B2863B40049208A /* Project object */;
}
